
Microsoft Visual Studio Solution File, Format Version 12.00
# Visual Studio Version 16
VisualStudioVersion = 16.0.31702.278
MinimumVisualStudioVersion = 10.0.40219.1
Project("{9A19103F-16F7-4668-BE54-9A1E7A4F7556}") = "TP2", "TP1\TP2.csproj", "{FBBB9094-0953-4050-B70C-D1189CF682CE}"
EndProject
Global
	GlobalSection(SolutionConfigurationPlatforms) = preSolution
		Debug|Any CPU = Debug|Any CPU
		Release|Any CPU = Release|Any CPU
	EndGlobalSection
	GlobalSection(ProjectConfigurationPlatforms) = postSolution
		{FBBB9094-0953-4050-B70C-D1189CF682CE}.Debug|Any CPU.ActiveCfg = Debug|Any CPU
		{FBBB9094-0953-4050-B70C-D1189CF682CE}.Debug|Any CPU.Build.0 = Debug|Any CPU
		{FBBB9094-0953-4050-B70C-D1189CF682CE}.Release|Any CPU.ActiveCfg = Release|Any CPU
		{FBBB9094-0953-4050-B70C-D1189CF682CE}.Release|Any CPU.Build.0 = Release|Any CPU
	EndGlobalSection
	GlobalSection(SolutionProperties) = preSolution
		HideSolutionNode = FALSE
	EndGlobalSection
	GlobalSection(ExtensibilityGlobals) = postSolution
		SolutionGuid = {4E0A41E9-6D64-4584-8343-A46D9AE48A50}
	EndGlobalSection
EndGlobal
